
Microsoft Visual Studio Solution File, Format Version 12.00
# Visual Studio Version 18
VisualStudioVersion = 18.0.11205.157
MinimumVisualStudioVersion = 10.0.40219.1
Project("{8BC9CEB8-8B4A-11D0-8D11-00A0C91BC942}") = "List#1", "List#1\List#1.vcxproj", "{554E2807-E9AF-4008-8563-83F14826C6DD}"
EndProject
Project("{8BC9CEB8-8B4A-11D0-8D11-00A0C91BC942}") = "List2", "List2\List2.vcxproj", "{725EFB25-BD1F-4B31-B426-E843B16DC3B8}"
EndProject
Project("{2150E333-8FDC-42A3-9474-1A3956D46DE8}") = "Lista 1", "Lista 1", "{02EA681E-C7D8-13C7-8484-4AC65E1B71E8}"
EndProject
Project("{2150E333-8FDC-42A3-9474-1A3956D46DE8}") = "Lista 2", "Lista 2", "{EEAF5CFC-7733-4848-BA38-64B51418BB75}"
EndProject
Project("{2150E333-8FDC-42A3-9474-1A3956D46DE8}") = "C++ Browser", "C++ Browser", "{9055437C-BBC0-4569-8DB8-BB973B0B0595}"
EndProject
Project("{8BC9CEB8-8B4A-11D0-8D11-00A0C91BC942}") = "Browser_c++", "Browser_c++\Browser_c++.vcxproj", "{E5D9FF0C-6E75-4A18-B8B2-1B4664E90AAF}"
EndProject
Project("{2150E333-8FDC-42A3-9474-1A3956D46DE8}") = "Lista dodatkowa", "Lista dodatkowa", "{095FA90A-ED46-4133-AFF2-3CF1358C67CB}"
EndProject
Project("{8BC9CEB8-8B4A-11D0-8D11-00A0C91BC942}") = "Lista_Dodatkowa", "Lista_Dodatkowa\Lista_Dodatkowa.vcxproj", "{1A8C92C8-DFD0-4FD9-A62D-1BF5478CAA21}"
EndProject
Project("{2150E333-8FDC-42A3-9474-1A3956D46DE8}") = "Lista 3", "Lista 3", "{57C26938-1E94-4FE0-9758-B06D24DB3D96}"
EndProject
Project("{8BC9CEB8-8B4A-11D0-8D11-00A0C91BC942}") = "Lista3", "Lista3\Lista3.vcxproj", "{C6242D4C-96AE-4958-83A5-DCBB46130005}"
EndProject
Project("{2150E333-8FDC-42A3-9474-1A3956D46DE8}") = "Lista 4", "Lista 4", "{EBF6D70E-883A-4C79-802D-5845D829ABE5}"
EndProject
Project("{8BC9CEB8-8B4A-11D0-8D11-00A0C91BC942}") = "Lista4", "Lista4\Lista4.vcxproj", "{77C4AF3E-BB03-471E-9FE1-233E9B01DD0C}"
EndProject
Project("{2150E333-8FDC-42A3-9474-1A3956D46DE8}") = "Lista 5", "Lista 5", "{3356F109-7C02-476D-A83B-6D61F7C8A310}"
EndProject
Project("{8BC9CEB8-8B4A-11D0-8D11-00A0C91BC942}") = "Lista5", "Lista5\Lista5.vcxproj", "{D4CCF963-3F15-4E69-8BF4-4CD2081F4B9C}"
EndProject
Global
	GlobalSection(SolutionConfigurationPlatforms) = preSolution
		Debug|x64 = Debug|x64
		Debug|x86 = Debug|x86
		Release|x64 = Release|x64
		Release|x86 = Release|x86
	EndGlobalSection
	GlobalSection(ProjectConfigurationPlatforms) = postSolution
		{554E2807-E9AF-4008-8563-83F14826C6DD}.Debug|x64.ActiveCfg = Debug|x64
		{554E2807-E9AF-4008-8563-83F14826C6DD}.Debug|x64.Build.0 = Debug|x64
		{554E2807-E9AF-4008-8563-83F14826C6DD}.Debug|x86.ActiveCfg = Debug|Win32
		{554E2807-E9AF-4008-8563-83F14826C6DD}.Debug|x86.Build.0 = Debug|Win32
		{554E2807-E9AF-4008-8563-83F14826C6DD}.Release|x64.ActiveCfg = Release|x64
		{554E2807-E9AF-4008-8563-83F14826C6DD}.Release|x64.Build.0 = Release|x64
		{554E2807-E9AF-4008-8563-83F14826C6DD}.Release|x86.ActiveCfg = Release|Win32
		{554E2807-E9AF-4008-8563-83F14826C6DD}.Release|x86.Build.0 = Release|Win32
		{725EFB25-BD1F-4B31-B426-E843B16DC3B8}.Debug|x64.ActiveCfg = Debug|x64
		{725EFB25-BD1F-4B31-B426-E843B16DC3B8}.Debug|x64.Build.0 = Debug|x64
		{725EFB25-BD1F-4B31-B426-E843B16DC3B8}.Debug|x86.ActiveCfg = Debug|Win32
		{725EFB25-BD1F-4B31-B426-E843B16DC3B8}.Debug|x86.Build.0 = Debug|Win32
		{725EFB25-BD1F-4B31-B426-E843B16DC3B8}.Release|x64.ActiveCfg = Release|x64
		{725EFB25-BD1F-4B31-B426-E843B16DC3B8}.Release|x64.Build.0 = Release|x64
		{725EFB25-BD1F-4B31-B426-E843B16DC3B8}.Release|x86.ActiveCfg = Release|Win32
		{725EFB25-BD1F-4B31-B426-E843B16DC3B8}.Release|x86.Build.0 = Release|Win32
		{E5D9FF0C-6E75-4A18-B8B2-1B4664E90AAF}.Debug|x64.ActiveCfg = Debug|x64
		{E5D9FF0C-6E75-4A18-B8B2-1B4664E90AAF}.Debug|x64.Build.0 = Debug|x64
		{E5D9FF0C-6E75-4A18-B8B2-1B4664E90AAF}.Debug|x86.ActiveCfg = Debug|Win32
		{E5D9FF0C-6E75-4A18-B8B2-1B4664E90AAF}.Debug|x86.Build.0 = Debug|Win32
		{E5D9FF0C-6E75-4A18-B8B2-1B4664E90AAF}.Release|x64.ActiveCfg = Release|x64
		{E5D9FF0C-6E75-4A18-B8B2-1B4664E90AAF}.Release|x64.Build.0 = Release|x64
		{E5D9FF0C-6E75-4A18-B8B2-1B4664E90AAF}.Release|x86.ActiveCfg = Release|Win32
		{E5D9FF0C-6E75-4A18-B8B2-1B4664E90AAF}.Release|x86.Build.0 = Release|Win32
		{1A8C92C8-DFD0-4FD9-A62D-1BF5478CAA21}.Debug|x64.ActiveCfg = Debug|x64
		{1A8C92C8-DFD0-4FD9-A62D-1BF5478CAA21}.Debug|x64.Build.0 = Debug|x64
		{1A8C92C8-DFD0-4FD9-A62D-1BF5478CAA21}.Debug|x86.ActiveCfg = Debug|Win32
		{1A8C92C8-DFD0-4FD9-A62D-1BF5478CAA21}.Debug|x86.Build.0 = Debug|Win32
		{1A8C92C8-DFD0-4FD9-A62D-1BF5478CAA21}.Release|x64.ActiveCfg = Release|x64
		{1A8C92C8-DFD0-4FD9-A62D-1BF5478CAA21}.Release|x64.Build.0 = Release|x64
		{1A8C92C8-DFD0-4FD9-A62D-1BF5478CAA21}.Release|x86.ActiveCfg = Release|Win32
		{1A8C92C8-DFD0-4FD9-A62D-1BF5478CAA21}.Release|x86.Build.0 = Release|Win32
		{C6242D4C-96AE-4958-83A5-DCBB46130005}.Debug|x64.ActiveCfg = Debug|x64
		{C6242D4C-96AE-4958-83A5-DCBB46130005}.Debug|x64.Build.0 = Debug|x64
		{C6242D4C-96AE-4958-83A5-DCBB46130005}.Debug|x86.ActiveCfg = Debug|Win32
		{C6242D4C-96AE-4958-83A5-DCBB46130005}.Debug|x86.Build.0 = Debug|Win32
		{C6242D4C-96AE-4958-83A5-DCBB46130005}.Release|x64.ActiveCfg = Release|x64
		{C6242D4C-96AE-4958-83A5-DCBB46130005}.Release|x64.Build.0 = Release|x64
		{C6242D4C-96AE-4958-83A5-DCBB46130005}.Release|x86.ActiveCfg = Release|Win32
		{C6242D4C-96AE-4958-83A5-DCBB46130005}.Release|x86.Build.0 = Release|Win32
		{77C4AF3E-BB03-471E-9FE1-233E9B01DD0C}.Debug|x64.ActiveCfg = Debug|x64
		{77C4AF3E-BB03-471E-9FE1-233E9B01DD0C}.Debug|x64.Build.0 = Debug|x64
		{77C4AF3E-BB03-471E-9FE1-233E9B01DD0C}.Debug|x86.ActiveCfg = Debug|Win32
		{77C4AF3E-BB03-471E-9FE1-233E9B01DD0C}.Debug|x86.Build.0 = Debug|Win32
		{77C4AF3E-BB03-471E-9FE1-233E9B01DD0C}.Release|x64.ActiveCfg = Release|x64
		{77C4AF3E-BB03-471E-9FE1-233E9B01DD0C}.Release|x64.Build.0 = Release|x64
		{77C4AF3E-BB03-471E-9FE1-233E9B01DD0C}.Release|x86.ActiveCfg = Release|Win32
		{77C4AF3E-BB03-471E-9FE1-233E9B01DD0C}.Release|x86.Build.0 = Release|Win32
		{D4CCF963-3F15-4E69-8BF4-4CD2081F4B9C}.Debug|x64.ActiveCfg = Debug|x64
		{D4CCF963-3F15-4E69-8BF4-4CD2081F4B9C}.Debug|x64.Build.0 = Debug|x64
		{D4CCF963-3F15-4E69-8BF4-4CD2081F4B9C}.Debug|x86.ActiveCfg = Debug|Win32
		{D4CCF963-3F15-4E69-8BF4-4CD2081F4B9C}.Debug|x86.Build.0 = Debug|Win32
		{D4CCF963-3F15-4E69-8BF4-4CD2081F4B9C}.Release|x64.ActiveCfg = Release|x64
		{D4CCF963-3F15-4E69-8BF4-4CD2081F4B9C}.Release|x64.Build.0 = Release|x64
		{D4CCF963-3F15-4E69-8BF4-4CD2081F4B9C}.Release|x86.ActiveCfg = Release|Win32
		{D4CCF963-3F15-4E69-8BF4-4CD2081F4B9C}.Release|x86.Build.0 = Release|Win32
	EndGlobalSection
	GlobalSection(SolutionProperties) = preSolution
		HideSolutionNode = FALSE
	EndGlobalSection
	GlobalSection(NestedProjects) = preSolution
		{554E2807-E9AF-4008-8563-83F14826C6DD} = {02EA681E-C7D8-13C7-8484-4AC65E1B71E8}
		{725EFB25-BD1F-4B31-B426-E843B16DC3B8} = {EEAF5CFC-7733-4848-BA38-64B51418BB75}
		{E5D9FF0C-6E75-4A18-B8B2-1B4664E90AAF} = {9055437C-BBC0-4569-8DB8-BB973B0B0595}
		{1A8C92C8-DFD0-4FD9-A62D-1BF5478CAA21} = {095FA90A-ED46-4133-AFF2-3CF1358C67CB}
		{C6242D4C-96AE-4958-83A5-DCBB46130005} = {57C26938-1E94-4FE0-9758-B06D24DB3D96}
		{77C4AF3E-BB03-471E-9FE1-233E9B01DD0C} = {EBF6D70E-883A-4C79-802D-5845D829ABE5}
		{D4CCF963-3F15-4E69-8BF4-4CD2081F4B9C} = {3356F109-7C02-476D-A83B-6D61F7C8A310}
	EndGlobalSection
	GlobalSection(ExtensibilityGlobals) = postSolution
		SolutionGuid = {F6C70E45-C741-4215-A2D4-A86A14878B81}
	EndGlobalSection
EndGlobal
